
Microsoft Visual Studio Solution File, Format Version 12.00
# Visual Studio Version 16
VisualStudioVersion = 16.0.30011.22
MinimumVisualStudioVersion = 10.0.40219.1
Project("{FAE04EC0-301F-11D3-BF4B-00C04F79EFBC}") = "Udemy_Word_To_Pdf.Consumer", "Udemy_Word_To_Pdf.Consumer\Udemy_Word_To_Pdf.Consumer.csproj", "{02803135-30C0-412D-B975-4BE9A6AF9816}"
EndProject
Global
	GlobalSection(SolutionConfigurationPlatforms) = preSolution
		Debug|Any CPU = Debug|Any CPU
		Release|Any CPU = Release|Any CPU
	EndGlobalSection
	GlobalSection(ProjectConfigurationPlatforms) = postSolution
		{02803135-30C0-412D-B975-4BE9A6AF9816}.Debug|Any CPU.ActiveCfg = Debug|Any CPU
		{02803135-30C0-412D-B975-4BE9A6AF9816}.Debug|Any CPU.Build.0 = Debug|Any CPU
		{02803135-30C0-412D-B975-4BE9A6AF9816}.Release|Any CPU.ActiveCfg = Release|Any CPU
		{02803135-30C0-412D-B975-4BE9A6AF9816}.Release|Any CPU.Build.0 = Release|Any CPU
	EndGlobalSection
	GlobalSection(SolutionProperties) = preSolution
		HideSolutionNode = FALSE
	EndGlobalSection
	GlobalSection(ExtensibilityGlobals) = postSolution
		SolutionGuid = {5215D281-4938-45AA-A701-B5B1E2860D74}
	EndGlobalSection
EndGlobal
